
Microsoft Visual Studio Solution File, Format Version 12.00
# Visual Studio 15
VisualStudioVersion = 15.0.27703.2042
MinimumVisualStudioVersion = 10.0.40219.1
Project("{FAE04EC0-301F-11D3-BF4B-00C04F79EFBC}") = "Ej1", "TP2\Ej1.csproj", "{13B27627-2302-4D03-B3B9-818678B76A4D}"
EndProject
Project("{FAE04EC0-301F-11D3-BF4B-00C04F79EFBC}") = "Ej2", "Ej2\Ej2.csproj", "{5896915B-159A-4618-B1A1-E8F0808FCC25}"
EndProject
Project("{FAE04EC0-301F-11D3-BF4B-00C04F79EFBC}") = "Ej3", "ej3\Ej3.csproj", "{71AEBFA3-EFD5-416C-9C94-B5010EB71F4E}"
EndProject
Project("{FAE04EC0-301F-11D3-BF4B-00C04F79EFBC}") = "Ej4", "Ej4\Ej4.csproj", "{1A18406A-41C8-4319-BAF8-99F6236B8DED}"
EndProject
Global
	GlobalSection(SolutionConfigurationPlatforms) = preSolution
		Debug|Any CPU = Debug|Any CPU
		Release|Any CPU = Release|Any CPU
	EndGlobalSection
	GlobalSection(ProjectConfigurationPlatforms) = postSolution
		{13B27627-2302-4D03-B3B9-818678B76A4D}.Debug|Any CPU.ActiveCfg = Debug|Any CPU
		{13B27627-2302-4D03-B3B9-818678B76A4D}.Debug|Any CPU.Build.0 = Debug|Any CPU
		{13B27627-2302-4D03-B3B9-818678B76A4D}.Release|Any CPU.ActiveCfg = Release|Any CPU
		{13B27627-2302-4D03-B3B9-818678B76A4D}.Release|Any CPU.Build.0 = Release|Any CPU
		{5896915B-159A-4618-B1A1-E8F0808FCC25}.Debug|Any CPU.ActiveCfg = Debug|Any CPU
		{5896915B-159A-4618-B1A1-E8F0808FCC25}.Debug|Any CPU.Build.0 = Debug|Any CPU
		{5896915B-159A-4618-B1A1-E8F0808FCC25}.Release|Any CPU.ActiveCfg = Release|Any CPU
		{5896915B-159A-4618-B1A1-E8F0808FCC25}.Release|Any CPU.Build.0 = Release|Any CPU
		{71AEBFA3-EFD5-416C-9C94-B5010EB71F4E}.Debug|Any CPU.ActiveCfg = Debug|Any CPU
		{71AEBFA3-EFD5-416C-9C94-B5010EB71F4E}.Debug|Any CPU.Build.0 = Debug|Any CPU
		{71AEBFA3-EFD5-416C-9C94-B5010EB71F4E}.Release|Any CPU.ActiveCfg = Release|Any CPU
		{71AEBFA3-EFD5-416C-9C94-B5010EB71F4E}.Release|Any CPU.Build.0 = Release|Any CPU
		{1A18406A-41C8-4319-BAF8-99F6236B8DED}.Debug|Any CPU.ActiveCfg = Debug|Any CPU
		{1A18406A-41C8-4319-BAF8-99F6236B8DED}.Debug|Any CPU.Build.0 = Debug|Any CPU
		{1A18406A-41C8-4319-BAF8-99F6236B8DED}.Release|Any CPU.ActiveCfg = Release|Any CPU
		{1A18406A-41C8-4319-BAF8-99F6236B8DED}.Release|Any CPU.Build.0 = Release|Any CPU
	EndGlobalSection
	GlobalSection(SolutionProperties) = preSolution
		HideSolutionNode = FALSE
	EndGlobalSection
	GlobalSection(ExtensibilityGlobals) = postSolution
		SolutionGuid = {136FF550-5947-4999-A6F3-2966464396F2}
	EndGlobalSection
EndGlobal
